Microsoft Visual Studio Solution File, Format Version 11.00
# Visual Studio 2008

Project("{DD9AA56A-6D18-2E19-95F8-38B416047381}") = "Cubies", "Assembly-CSharp.csproj", "{F91BA9F5-69EA-03D9-CEF5-E8252929AD4F}"
EndProject
Global
	GlobalSection(SolutionConfigurationPlatforms) = preSolution
		Debug|Any CPU = Debug|Any CPU
		Release|Any CPU = Release|Any CPU
	EndGlobalSection
	GlobalSection(ProjectConfigurationPlatforms) = postSolution
		{F91BA9F5-69EA-03D9-CEF5-E8252929AD4F}.Debug|Any CPU.ActiveCfg = Debug|Any CPU
		{F91BA9F5-69EA-03D9-CEF5-E8252929AD4F}.Debug|Any CPU.Build.0 = Debug|Any CPU
		{F91BA9F5-69EA-03D9-CEF5-E8252929AD4F}.Release|Any CPU.ActiveCfg = Release|Any CPU
		{F91BA9F5-69EA-03D9-CEF5-E8252929AD4F}.Release|Any CPU.Build.0 = Release|Any CPU
	EndGlobalSection
	GlobalSection(SolutionProperties) = preSolution
		HideSolutionNode = FALSE
	EndGlobalSection
	GlobalSection(MonoDevelopProperties) = preSolution
		StartupItem = Assembly-CSharp.csproj
	EndGlobalSection
EndGlobal
